
Microsoft Visual Studio Solution File, Format Version 12.00
# Visual Studio 15
VisualStudioVersion = 15.0.28010.2050
MinimumVisualStudioVersion = 10.0.40219.1
Project("{FAE04EC0-301F-11D3-BF4B-00C04F79EFBC}") = "Lab2", "Lab2\Lab2.csproj", "{32614925-D34B-4978-BFC1-807EB43C846F}"
EndProject
Project("{FAE04EC0-301F-11D3-BF4B-00C04F79EFBC}") = "Lab2Tests", "Lab2Tests\Lab2Tests.csproj", "{7961CF3F-7211-400B-9C5F-C21EC19EE8D3}"
EndProject
Global
	GlobalSection(SolutionConfigurationPlatforms) = preSolution
		Debug|Any CPU = Debug|Any CPU
		Release|Any CPU = Release|Any CPU
	EndGlobalSection
	GlobalSection(ProjectConfigurationPlatforms) = postSolution
		{32614925-D34B-4978-BFC1-807EB43C846F}.Debug|Any CPU.ActiveCfg = Debug|Any CPU
		{32614925-D34B-4978-BFC1-807EB43C846F}.Debug|Any CPU.Build.0 = Debug|Any CPU
		{32614925-D34B-4978-BFC1-807EB43C846F}.Release|Any CPU.ActiveCfg = Release|Any CPU
		{32614925-D34B-4978-BFC1-807EB43C846F}.Release|Any CPU.Build.0 = Release|Any CPU
		{7961CF3F-7211-400B-9C5F-C21EC19EE8D3}.Debug|Any CPU.ActiveCfg = Debug|Any CPU
		{7961CF3F-7211-400B-9C5F-C21EC19EE8D3}.Debug|Any CPU.Build.0 = Debug|Any CPU
		{7961CF3F-7211-400B-9C5F-C21EC19EE8D3}.Release|Any CPU.ActiveCfg = Release|Any CPU
		{7961CF3F-7211-400B-9C5F-C21EC19EE8D3}.Release|Any CPU.Build.0 = Release|Any CPU
	EndGlobalSection
	GlobalSection(SolutionProperties) = preSolution
		HideSolutionNode = FALSE
	EndGlobalSection
	GlobalSection(ExtensibilityGlobals) = postSolution
		SolutionGuid = {73C7A9D2-243F-4436-A01C-F461CC14A24F}
	EndGlobalSection
EndGlobal
